
Microsoft Visual Studio Solution File, Format Version 12.00
# Visual Studio Version 17
VisualStudioVersion = 17.8.34330.188
MinimumVisualStudioVersion = 10.0.40219.1
Project("{FAE04EC0-301F-11D3-BF4B-00C04F79EFBC}") = "YBOInvestigation", "YBOInvestigation\YBOInvestigation.csproj", "{14097D6E-DE43-459D-BE93-2B09D25C7B69}"
EndProject
Global
	GlobalSection(SolutionConfigurationPlatforms) = preSolution
		Debug|Any CPU = Debug|Any CPU
		Release|Any CPU = Release|Any CPU
	EndGlobalSection
	GlobalSection(ProjectConfigurationPlatforms) = postSolution
		{14097D6E-DE43-459D-BE93-2B09D25C7B69}.Debug|Any CPU.ActiveCfg = Debug|Any CPU
		{14097D6E-DE43-459D-BE93-2B09D25C7B69}.Debug|Any CPU.Build.0 = Debug|Any CPU
		{14097D6E-DE43-459D-BE93-2B09D25C7B69}.Release|Any CPU.ActiveCfg = Release|Any CPU
		{14097D6E-DE43-459D-BE93-2B09D25C7B69}.Release|Any CPU.Build.0 = Release|Any CPU
	EndGlobalSection
	GlobalSection(SolutionProperties) = preSolution
		HideSolutionNode = FALSE
	EndGlobalSection
	GlobalSection(ExtensibilityGlobals) = postSolution
		SolutionGuid = {286A6C44-B99B-4BD7-83ED-1294CA86B975}
	EndGlobalSection
EndGlobal
